
Microsoft Visual Studio Solution File, Format Version 12.00
# Visual Studio Version 16
VisualStudioVersion = 16.0.30711.63
MinimumVisualStudioVersion = 10.0.40219.1
Project("{FAE04EC0-301F-11D3-BF4B-00C04F79EFBC}") = "CalculateEngine", "CalculateEngine\CalculateEngine.csproj", "{9A49B0E7-60B2-4A91-9412-1E6C14D5F1AA}"
EndProject
Project("{FAE04EC0-301F-11D3-BF4B-00C04F79EFBC}") = "Calculator", "Calculator\Calculator.csproj", "{5D0B7F6A-3FBD-4655-B23A-70EAC91A474C}"
EndProject
Global
	GlobalSection(SolutionConfigurationPlatforms) = preSolution
		Debug|Any CPU = Debug|Any CPU
		Release|Any CPU = Release|Any CPU
	EndGlobalSection
	GlobalSection(ProjectConfigurationPlatforms) = postSolution
		{9A49B0E7-60B2-4A91-9412-1E6C14D5F1AA}.Debug|Any CPU.ActiveCfg = Debug|Any CPU
		{9A49B0E7-60B2-4A91-9412-1E6C14D5F1AA}.Debug|Any CPU.Build.0 = Debug|Any CPU
		{9A49B0E7-60B2-4A91-9412-1E6C14D5F1AA}.Release|Any CPU.ActiveCfg = Release|Any CPU
		{9A49B0E7-60B2-4A91-9412-1E6C14D5F1AA}.Release|Any CPU.Build.0 = Release|Any CPU
		{5D0B7F6A-3FBD-4655-B23A-70EAC91A474C}.Debug|Any CPU.ActiveCfg = Debug|Any CPU
		{5D0B7F6A-3FBD-4655-B23A-70EAC91A474C}.Debug|Any CPU.Build.0 = Debug|Any CPU
		{5D0B7F6A-3FBD-4655-B23A-70EAC91A474C}.Release|Any CPU.ActiveCfg = Release|Any CPU
		{5D0B7F6A-3FBD-4655-B23A-70EAC91A474C}.Release|Any CPU.Build.0 = Release|Any CPU
	EndGlobalSection
	GlobalSection(SolutionProperties) = preSolution
		HideSolutionNode = FALSE
	EndGlobalSection
	GlobalSection(ExtensibilityGlobals) = postSolution
		SolutionGuid = {BF75F84A-55A3-4DA3-AF55-7261D405A144}
	EndGlobalSection
EndGlobal
